cj.rs/gohugo-asciinema v0.0.0-20250204221733-65bbf8387df5 h1:/NWcLdBlc4lbp4K82RWKqI1h5cfnjsaWfl1bRvLTxlw=
cj.rs/gohugo-asciinema v0.0.0-20250204221733-65bbf8387df5/go.mod h1:LOi9TNDxS4FX8P9N0PzCrqwvnksxP++9dsYbyNL0Fus=
github.com/imfing/hextra v0.9.5 h1:lG6wnklT9PNLepq69Gj3GZyHRUkBWwv6bkPVL9yAcIQ=
github.com/imfing/hextra v0.9.5/go.mod h1:cEfel3lU/bSx7lTE/+uuR4GJaphyOyiwNR3PTqFTXpI=
